// !$*UTF8*$!
{
	archiveVersion = 1;
	classes = {
	};
	objectVersion = 50;
	objects = {

/* Begin PBXBuildFile section */
		FA017AC224649AD000D3846B /* SCWebKitView.swift in Sources */ = {isa = PBXBuildFile; fileRef = FA017AC124649AD000D3846B /* SCWebKitView.swift */; };
		FA2751AA24823B0A00D0A1A9 /* VCComplexUI1.swift in Sources */ = {isa = PBXBuildFile; fileRef = FA2751A824823B0A00D0A1A9 /* VCComplexUI1.swift */; };
		FA2751AB24823B0A00D0A1A9 /* VCComplexUI1.xib in Resources */ = {isa = PBXBuildFile; fileRef = FA2751A924823B0A00D0A1A9 /* VCComplexUI1.xib */; };
		FA2751AE24823F8000D0A1A9 /* VCImageSlide.swift in Sources */ = {isa = PBXBuildFile; fileRef = FA2751AC24823F8000D0A1A9 /* VCImageSlide.swift */; };
		FA2751AF24823F8000D0A1A9 /* VCImageSlide.xib in Resources */ = {isa = PBXBuildFile; fileRef = FA2751AD24823F8000D0A1A9 /* VCImageSlide.xib */; };
		FA2751B42482407100D0A1A9 /* tshirt-2.jpg in Resources */ = {isa = PBXBuildFile; fileRef = FA2751B22482407100D0A1A9 /* tshirt-2.jpg */; };
		FA2751B52482407100D0A1A9 /* tshirt-1.jpeg in Resources */ = {isa = PBXBuildFile; fileRef = FA2751B32482407100D0A1A9 /* tshirt-1.jpeg */; };
		FA2815D9247F93C5007CB8D0 /* VCDetail.swift in Sources */ = {isa = PBXBuildFile; fileRef = FA2815D7247F93C5007CB8D0 /* VCDetail.swift */; };
		FA2815DA247F93C5007CB8D0 /* VCDetail.xib in Resources */ = {isa = PBXBuildFile; fileRef = FA2815D8247F93C5007CB8D0 /* VCDetail.xib */; };
		FA2815DD247F987C007CB8D0 /* ViewDetail.xib in Resources */ = {isa = PBXBuildFile; fileRef = FA2815DC247F987C007CB8D0 /* ViewDetail.xib */; };
		FA2815DF247F988E007CB8D0 /* ViewDetail.swift in Sources */ = {isa = PBXBuildFile; fileRef = FA2815DE247F988E007CB8D0 /* ViewDetail.swift */; };
		FA522237248A2C290050B1DE /* VCMapKit.swift in Sources */ = {isa = PBXBuildFile; fileRef = FA522235248A2C290050B1DE /* VCMapKit.swift */; };
		FA522238248A2C290050B1DE /* VCMapKit.xib in Resources */ = {isa = PBXBuildFile; fileRef = FA522236248A2C290050B1DE /* VCMapKit.xib */; };
		FA52223A248A2C4A0050B1DE /* MapKit.framework in Frameworks */ = {isa = PBXBuildFile; fileRef = FA522239248A2C4A0050B1DE /* MapKit.framework */; };
		FA52223C248A33E00050B1DE /* ViewProductDetail.swift in Sources */ = {isa = PBXBuildFile; fileRef = FA52223B248A33E00050B1DE /* ViewProductDetail.swift */; };
		FA52223E248A33FA0050B1DE /* ViewProductDetail.xib in Resources */ = {isa = PBXBuildFile; fileRef = FA52223D248A33FA0050B1DE /* ViewProductDetail.xib */; };
		FA5FC212245302E200852048 /* AppDelegate.swift in Sources */ = {isa = PBXBuildFile; fileRef = FA5FC211245302E200852048 /* AppDelegate.swift */; };
		FA5FC214245302E200852048 /* SceneDelegate.swift in Sources */ = {isa = PBXBuildFile; fileRef = FA5FC213245302E200852048 /* SceneDelegate.swift */; };
		FA5FC218245302E300852048 /* Assets.xcassets in Resources */ = {isa = PBXBuildFile; fileRef = FA5FC217245302E300852048 /* Assets.xcassets */; };
		FA5FC21E245302E300852048 /* LaunchScreen.storyboard in Resources */ = {isa = PBXBuildFile; fileRef = FA5FC21C245302E300852048 /* LaunchScreen.storyboard */; };
		FA5FC2432453032500852048 /* VCWebview.swift in Sources */ = {isa = PBXBuildFile; fileRef = FA5FC2412453032500852048 /* VCWebview.swift */; };
		FA5FC2442453032500852048 /* VCWebview.xib in Resources */ = {isa = PBXBuildFile; fileRef = FA5FC2422453032500852048 /* VCWebview.xib */; };
		FA896F702453316E00D5D601 /* WebKit.framework in Frameworks */ = {isa = PBXBuildFile; fileRef = FA896F6F2453316E00D5D601 /* WebKit.framework */; };
		FAB1C0D52477BC1A00DED50E /* VCSwitch.swift in Sources */ = {isa = PBXBuildFile; fileRef = FAB1C0D32477BC1A00DED50E /* VCSwitch.swift */; };
		FAB1C0D62477BC1A00DED50E /* VCSwitch.xib in Resources */ = {isa = PBXBuildFile; fileRef = FAB1C0D42477BC1A00DED50E /* VCSwitch.xib */; };
		FAB1C0D92479002700DED50E /* CoreSwift.swift in Sources */ = {isa = PBXBuildFile; fileRef = FAB1C0D72479002700DED50E /* CoreSwift.swift */; };
		FAB1C0DA2479002800DED50E /* CoreSwift.xib in Resources */ = {isa = PBXBuildFile; fileRef = FAB1C0D82479002700DED50E /* CoreSwift.xib */; };
		FAB1C0F124790AB300DED50E /* VCUI.swift in Sources */ = {isa = PBXBuildFile; fileRef = FAB1C0EF24790AB300DED50E /* VCUI.swift */; };
		FAB1C0F224790AB300DED50E /* VCUI.xib in Resources */ = {isa = PBXBuildFile; fileRef = FAB1C0F024790AB300DED50E /* VCUI.xib */; };
		FAD0C2AE247A688A002060BE /* VCTable.swift in Sources */ = {isa = PBXBuildFile; fileRef = FAD0C2AC247A688A002060BE /* VCTable.swift */; };
		FAD0C2AF247A688A002060BE /* VCTable.xib in Resources */ = {isa = PBXBuildFile; fileRef = FAD0C2AD247A688A002060BE /* VCTable.xib */; };
		FAD0C2B2247A692A002060BE /* CellTable.swift in Sources */ = {isa = PBXBuildFile; fileRef = FAD0C2B0247A692A002060BE /* CellTable.swift */; };
		FAD0C2B3247A692A002060BE /* CellTable.xib in Resources */ = {isa = PBXBuildFile; fileRef = FAD0C2B1247A692A002060BE /* CellTable.xib */; };
/* End PBXBuildFile section */

/* Begin PBXFileReference section */
		FA017AC124649AD000D3846B /* SCWebKitView.swift */ = {isa = PBXFileReference; lastKnownFileType = sourcecode.swift; path = SCWebKitView.swift; sourceTree = "<group>"; };
		FA2751A824823B0A00D0A1A9 /* VCComplexUI1.swift */ = {isa = PBXFileReference; lastKnownFileType = sourcecode.swift; path = VCComplexUI1.swift; sourceTree = "<group>"; };
		FA2751A924823B0A00D0A1A9 /* VCComplexUI1.xib */ = {isa = PBXFileReference; lastKnownFileType = file.xib; path = VCComplexUI1.xib; sourceTree = "<group>"; };
		FA2751AC24823F8000D0A1A9 /* VCImageSlide.swift */ = {isa = PBXFileReference; lastKnownFileType = sourcecode.swift; path = VCImageSlide.swift; sourceTree = "<group>"; };
		FA2751AD24823F8000D0A1A9 /* VCImageSlide.xib */ = {isa = PBXFileReference; lastKnownFileType = file.xib; path = VCImageSlide.xib; sourceTree = "<group>"; };
		FA2751B22482407100D0A1A9 /* tshirt-2.jpg */ = {isa = PBXFileReference; lastKnownFileType = image.jpeg; path = "tshirt-2.jpg"; sourceTree = "<group>"; };
		FA2751B32482407100D0A1A9 /* tshirt-1.jpeg */ = {isa = PBXFileReference; lastKnownFileType = image.jpeg; path = "tshirt-1.jpeg"; sourceTree = "<group>"; };
		FA2815D7247F93C5007CB8D0 /* VCDetail.swift */ = {isa = PBXFileReference; lastKnownFileType = sourcecode.swift; path = VCDetail.swift; sourceTree = "<group>"; };
		FA2815D8247F93C5007CB8D0 /* VCDetail.xib */ = {isa = PBXFileReference; lastKnownFileType = file.xib; path = VCDetail.xib; sourceTree = "<group>"; };
		FA2815DC247F987C007CB8D0 /* ViewDetail.xib */ = {isa = PBXFileReference; lastKnownFileType = file.xib; path = ViewDetail.xib; sourceTree = "<group>"; };
		FA2815DE247F988E007CB8D0 /* ViewDetail.swift */ = {isa = PBXFileReference; lastKnownFileType = sourcecode.swift; path = ViewDetail.swift; sourceTree = "<group>"; };
		FA522235248A2C290050B1DE /* VCMapKit.swift */ = {isa = PBXFileReference; lastKnownFileType = sourcecode.swift; path = VCMapKit.swift; sourceTree = "<group>"; };
		FA522236248A2C290050B1DE /* VCMapKit.xib */ = {isa = PBXFileReference; lastKnownFileType = file.xib; path = VCMapKit.xib; sourceTree = "<group>"; };
		FA522239248A2C4A0050B1DE /* MapKit.framework */ = {isa = PBXFileReference; lastKnownFileType = wrapper.framework; name = MapKit.framework; path = System/Library/Frameworks/MapKit.framework; sourceTree = SDKROOT; };
		FA52223B248A33E00050B1DE /* ViewProductDetail.swift */ = {isa = PBXFileReference; lastKnownFileType = sourcecode.swift; path = ViewProductDetail.swift; sourceTree = "<group>"; };
		FA52223D248A33FA0050B1DE /* ViewProductDetail.xib */ = {isa = PBXFileReference; lastKnownFileType = file.xib; path = ViewProductDetail.xib; sourceTree = "<group>"; };
		FA5FC20E245302E200852048 /* WEB.app */ = {isa = PBXFileReference; explicitFileType = wrapper.application; includeInIndex = 0; path = WEB.app; sourceTree = BUILT_PRODUCTS_DIR; };
		FA5FC211245302E200852048 /* AppDelegate.swift */ = {isa = PBXFileReference; lastKnownFileType = sourcecode.swift; path = AppDelegate.swift; sourceTree = "<group>"; };
		FA5FC213245302E200852048 /* SceneDelegate.swift */ = {isa = PBXFileReference; lastKnownFileType = sourcecode.swift; path = SceneDelegate.swift; sourceTree = "<group>"; };
		FA5FC217245302E300852048 /* Assets.xcassets */ = {isa = PBXFileReference; lastKnownFileType = folder.assetcatalog; path = Assets.xcassets; sourceTree = "<group>"; };
		FA5FC21D245302E300852048 /* Base */ = {isa = PBXFileReference; lastKnownFileType = file.storyboard; name = Base; path = Base.lproj/LaunchScreen.storyboard; sourceTree = "<group>"; };
		FA5FC21F245302E300852048 /* Info.plist */ = {isa = PBXFileReference; lastKnownFileType = text.plist.xml; path = Info.plist; sourceTree = "<group>"; };
		FA5FC2412453032500852048 /* VCWebview.swift */ = {isa = PBXFileReference; lastKnownFileType = sourcecode.swift; path = VCWebview.swift; sourceTree = "<group>"; };
		FA5FC2422453032500852048 /* VCWebview.xib */ = {isa = PBXFileReference; lastKnownFileType = file.xib; path = VCWebview.xib; sourceTree = "<group>"; };
		FA896F6F2453316E00D5D601 /* WebKit.framework */ = {isa = PBXFileReference; lastKnownFileType = wrapper.framework; name = WebKit.framework; path = System/Library/Frameworks/WebKit.framework; sourceTree = SDKROOT; };
		FAB1C0D32477BC1A00DED50E /* VCSwitch.swift */ = {isa = PBXFileReference; lastKnownFileType = sourcecode.swift; path = VCSwitch.swift; sourceTree = "<group>"; };
		FAB1C0D42477BC1A00DED50E /* VCSwitch.xib */ = {isa = PBXFileReference; lastKnownFileType = file.xib; path = VCSwitch.xib; sourceTree = "<group>"; };
		FAB1C0D72479002700DED50E /* CoreSwift.swift */ = {isa = PBXFileReference; lastKnownFileType = sourcecode.swift; path = CoreSwift.swift; sourceTree = "<group>"; };
		FAB1C0D82479002700DED50E /* CoreSwift.xib */ = {isa = PBXFileReference; lastKnownFileType = file.xib; path = CoreSwift.xib; sourceTree = "<group>"; };
		FAB1C0EF24790AB300DED50E /* VCUI.swift */ = {isa = PBXFileReference; lastKnownFileType = sourcecode.swift; path = VCUI.swift; sourceTree = "<group>"; };
		FAB1C0F024790AB300DED50E /* VCUI.xib */ = {isa = PBXFileReference; lastKnownFileType = file.xib; path = VCUI.xib; sourceTree = "<group>"; };
		FAD0C2AC247A688A002060BE /* VCTable.swift */ = {isa = PBXFileReference; lastKnownFileType = sourcecode.swift; path = VCTable.swift; sourceTree = "<group>"; };
		FAD0C2AD247A688A002060BE /* VCTable.xib */ = {isa = PBXFileReference; lastKnownFileType = file.xib; path = VCTable.xib; sourceTree = "<group>"; };
		FAD0C2B0247A692A002060BE /* CellTable.swift */ = {isa = PBXFileReference; lastKnownFileType = sourcecode.swift; path = CellTable.swift; sourceTree = "<group>"; };
		FAD0C2B1247A692A002060BE /* CellTable.xib */ = {isa = PBXFileReference; lastKnownFileType = file.xib; path = CellTable.xib; sourceTree = "<group>"; };
/* End PBXFileReference section */

/* Begin PBXFrameworksBuildPhase section */
		FA5FC20B245302E200852048 /* Frameworks */ = {
			isa = PBXFrameworksBuildPhase;
			buildActionMask = 2147483647;
			files = (
				FA52223A248A2C4A0050B1DE /* MapKit.framework in Frameworks */,
				FA896F702453316E00D5D601 /* WebKit.framework in Frameworks */,
			);
			runOnlyForDeploymentPostprocessing = 0;
		};
/* End PBXFrameworksBuildPhase section */

/* Begin PBXGroup section */
		FA2751A724823AEB00D0A1A9 /* MyUI */ = {
			isa = PBXGroup;
			children = (
				FA2751A824823B0A00D0A1A9 /* VCComplexUI1.swift */,
				FA2751A924823B0A00D0A1A9 /* VCComplexUI1.xib */,
			);
			path = MyUI;
			sourceTree = "<group>";
		};
		FA2751B12482406000D0A1A9 /* customAssets */ = {
			isa = PBXGroup;
			children = (
				FA2751B32482407100D0A1A9 /* tshirt-1.jpeg */,
				FA2751B22482407100D0A1A9 /* tshirt-2.jpg */,
			);
			path = customAssets;
			sourceTree = "<group>";
		};
		FA2815DB247F985B007CB8D0 /* CustomViews */ = {
			isa = PBXGroup;
			children = (
				FA2815DC247F987C007CB8D0 /* ViewDetail.xib */,
				FA2815DE247F988E007CB8D0 /* ViewDetail.swift */,
				FA52223B248A33E00050B1DE /* ViewProductDetail.swift */,
				FA52223D248A33FA0050B1DE /* ViewProductDetail.xib */,
			);
			path = CustomViews;
			sourceTree = "<group>";
		};
		FA2C350B247E40DD00C72510 /* cell */ = {
			isa = PBXGroup;
			children = (
				FAD0C2B0247A692A002060BE /* CellTable.swift */,
				FAD0C2B1247A692A002060BE /* CellTable.xib */,
			);
			name = cell;
			sourceTree = "<group>";
		};
		FA5FC205245302E200852048 = {
			isa = PBXGroup;
			children = (
				FA5FC210245302E200852048 /* test */,
				FA5FC20F245302E200852048 /* Products */,
				FA896F6E2453316E00D5D601 /* Frameworks */,
			);
			sourceTree = "<group>";
		};
		FA5FC20F245302E200852048 /* Products */ = {
			isa = PBXGroup;
			children = (
				FA5FC20E245302E200852048 /* WEB.app */,
			);
			name = Products;
			sourceTree = "<group>";
		};
		FA5FC210245302E200852048 /* test */ = {
			isa = PBXGroup;
			children = (
				FA5FC211245302E200852048 /* AppDelegate.swift */,
				FA5FC213245302E200852048 /* SceneDelegate.swift */,
				FA5FC2412453032500852048 /* VCWebview.swift */,
				FA5FC2422453032500852048 /* VCWebview.xib */,
				FA017AC124649AD000D3846B /* SCWebKitView.swift */,
				FAB1C0D32477BC1A00DED50E /* VCSwitch.swift */,
				FAB1C0D42477BC1A00DED50E /* VCSwitch.xib */,
				FA2815DB247F985B007CB8D0 /* CustomViews */,
				FAB1C0EE24790A9600DED50E /* VC */,
				FA5FC217245302E300852048 /* Assets.xcassets */,
				FA2751B12482406000D0A1A9 /* customAssets */,
				FA5FC21C245302E300852048 /* LaunchScreen.storyboard */,
				FA5FC21F245302E300852048 /* Info.plist */,
			);
			path = test;
			sourceTree = "<group>";
		};
		FA896F6E2453316E00D5D601 /* Frameworks */ = {
			isa = PBXGroup;
			children = (
				FA522239248A2C4A0050B1DE /* MapKit.framework */,
				FA896F6F2453316E00D5D601 /* WebKit.framework */,
			);
			name = Frameworks;
			sourceTree = "<group>";
		};
		FAB1C0EC24790A7B00DED50E /* core */ = {
			isa = PBXGroup;
			children = (
				FAB1C0D72479002700DED50E /* CoreSwift.swift */,
				FAB1C0D82479002700DED50E /* CoreSwift.xib */,
			);
			path = core;
			sourceTree = "<group>";
		};
		FAB1C0ED24790A8700DED50E /* LearnUI */ = {
			isa = PBXGroup;
			children = (
				FAB1C0EF24790AB300DED50E /* VCUI.swift */,
				FAB1C0F024790AB300DED50E /* VCUI.xib */,
			);
			path = LearnUI;
			sourceTree = "<group>";
		};
		FAB1C0EE24790A9600DED50E /* VC */ = {
			isa = PBXGroup;
			children = (
				FA2751A724823AEB00D0A1A9 /* MyUI */,
				FAD0C2AB247A686A002060BE /* tableview */,
				FAB1C0ED24790A8700DED50E /* LearnUI */,
				FAB1C0EC24790A7B00DED50E /* core */,
				FA2815D7247F93C5007CB8D0 /* VCDetail.swift */,
				FA2815D8247F93C5007CB8D0 /* VCDetail.xib */,
				FA2751AC24823F8000D0A1A9 /* VCImageSlide.swift */,
				FA2751AD24823F8000D0A1A9 /* VCImageSlide.xib */,
				FA522235248A2C290050B1DE /* VCMapKit.swift */,
				FA522236248A2C290050B1DE /* VCMapKit.xib */,
			);
			path = VC;
			sourceTree = "<group>";
		};
		FAD0C2AB247A686A002060BE /* tableview */ = {
			isa = PBXGroup;
			children = (
				FAD0C2AC247A688A002060BE /* VCTable.swift */,
				FAD0C2AD247A688A002060BE /* VCTable.xib */,
				FA2C350B247E40DD00C72510 /* cell */,
			);
			path = tableview;
			sourceTree = "<group>";
		};
/* End PBXGroup section */

/* Begin PBXNativeTarget section */
		FA5FC20D245302E200852048 /* POSLiteWeb */ = {
			isa = PBXNativeTarget;
			buildConfigurationList = FA5FC238245302E300852048 /* Build configuration list for PBXNativeTarget "POSLiteWeb" */;
			buildPhases = (
				FA5FC20A245302E200852048 /* Sources */,
				FA5FC20B245302E200852048 /* Frameworks */,
				FA5FC20C245302E200852048 /* Resources */,
			);
			buildRules = (
			);
			dependencies = (
			);
			name = POSLiteWeb;
			productName = test;
			productReference = FA5FC20E245302E200852048 /* WEB.app */;
			productType = "com.apple.product-type.application";
		};
/* End PBXNativeTarget section */

/* Begin PBXProject section */
		FA5FC206245302E200852048 /* Project object */ = {
			isa = PBXProject;
			attributes = {
				LastSwiftUpdateCheck = 1130;
				LastUpgradeCheck = 1130;
				ORGANIZATIONNAME = Python;
				TargetAttributes = {
					FA5FC20D245302E200852048 = {
						CreatedOnToolsVersion = 11.3.1;
					};
				};
			};
			buildConfigurationList = FA5FC209245302E200852048 /* Build configuration list for PBXProject "POSLiteWeb" */;
			compatibilityVersion = "Xcode 9.3";
			developmentRegion = en;
			hasScannedForEncodings = 0;
			knownRegions = (
				en,
				Base,
			);
			mainGroup = FA5FC205245302E200852048;
			productRefGroup = FA5FC20F245302E200852048 /* Products */;
			projectDirPath = "";
			projectRoot = "";
			targets = (
				FA5FC20D245302E200852048 /* POSLiteWeb */,
			);
		};
/* End PBXProject section */

/* Begin PBXResourcesBuildPhase section */
		FA5FC20C245302E200852048 /* Resources */ = {
			isa = PBXResourcesBuildPhase;
			buildActionMask = 2147483647;
			files = (
				FA2751AB24823B0A00D0A1A9 /* VCComplexUI1.xib in Resources */,
				FAB1C0D62477BC1A00DED50E /* VCSwitch.xib in Resources */,
				FA2815DA247F93C5007CB8D0 /* VCDetail.xib in Resources */,
				FAB1C0DA2479002800DED50E /* CoreSwift.xib in Resources */,
				FA2815DD247F987C007CB8D0 /* ViewDetail.xib in Resources */,
				FA52223E248A33FA0050B1DE /* ViewProductDetail.xib in Resources */,
				FA5FC21E245302E300852048 /* LaunchScreen.storyboard in Resources */,
				FA5FC2442453032500852048 /* VCWebview.xib in Resources */,
				FAB1C0F224790AB300DED50E /* VCUI.xib in Resources */,
				FAD0C2AF247A688A002060BE /* VCTable.xib in Resources */,
				FA2751B52482407100D0A1A9 /* tshirt-1.jpeg in Resources */,
				FAD0C2B3247A692A002060BE /* CellTable.xib in Resources */,
				FA2751AF24823F8000D0A1A9 /* VCImageSlide.xib in Resources */,
				FA5FC218245302E300852048 /* Assets.xcassets in Resources */,
				FA2751B42482407100D0A1A9 /* tshirt-2.jpg in Resources */,
				FA522238248A2C290050B1DE /* VCMapKit.xib in Resources */,
			);
			runOnlyForDeploymentPostprocessing = 0;
		};
/* End PBXResourcesBuildPhase section */

/* Begin PBXSourcesBuildPhase section */
		FA5FC20A245302E200852048 /* Sources */ = {
			isa = PBXSourcesBuildPhase;
			buildActionMask = 2147483647;
			files = (
				FA017AC224649AD000D3846B /* SCWebKitView.swift in Sources */,
				FA2751AA24823B0A00D0A1A9 /* VCComplexUI1.swift in Sources */,
				FAD0C2AE247A688A002060BE /* VCTable.swift in Sources */,
				FA5FC212245302E200852048 /* AppDelegate.swift in Sources */,
				FAB1C0D92479002700DED50E /* CoreSwift.swift in Sources */,
				FA5FC214245302E200852048 /* SceneDelegate.swift in Sources */,
				FAD0C2B2247A692A002060BE /* CellTable.swift in Sources */,
				FA52223C248A33E00050B1DE /* ViewProductDetail.swift in Sources */,
				FAB1C0F124790AB300DED50E /* VCUI.swift in Sources */,
				FA5FC2432453032500852048 /* VCWebview.swift in Sources */,
				FAB1C0D52477BC1A00DED50E /* VCSwitch.swift in Sources */,
				FA522237248A2C290050B1DE /* VCMapKit.swift in Sources */,
				FA2751AE24823F8000D0A1A9 /* VCImageSlide.swift in Sources */,
				FA2815D9247F93C5007CB8D0 /* VCDetail.swift in Sources */,
				FA2815DF247F988E007CB8D0 /* ViewDetail.swift in Sources */,
			);
			runOnlyForDeploymentPostprocessing = 0;
		};
/* End PBXSourcesBuildPhase section */

/* Begin PBXVariantGroup section */
		FA5FC21C245302E300852048 /* LaunchScreen.storyboard */ = {
			isa = PBXVariantGroup;
			children = (
				FA5FC21D245302E300852048 /* Base */,
			);
			name = LaunchScreen.storyboard;
			sourceTree = "<group>";
		};
/* End PBXVariantGroup section */

/* Begin XCBuildConfiguration section */
		FA5FC236245302E300852048 /* Debug */ = {
			isa = XCBuildConfiguration;
			buildSettings = {
				ALWAYS_SEARCH_USER_PATHS = NO;
				CLANG_ANALYZER_NONNULL = YES;
				CLANG_ANALYZER_NUMBER_OBJECT_CONVERSION = YES_AGGRESSIVE;
				CLANG_CXX_LANGUAGE_STANDARD = "gnu++14";
				CLANG_CXX_LIBRARY = "libc++";
				CLANG_ENABLE_MODULES = YES;
				CLANG_ENABLE_OBJC_ARC = YES;
				CLANG_ENABLE_OBJC_WEAK = YES;
				CLANG_WARN_BLOCK_CAPTURE_AUTORELEASING = YES;
				CLANG_WARN_BOOL_CONVERSION = YES;
				CLANG_WARN_COMMA = YES;
				CLANG_WARN_CONSTANT_CONVERSION = YES;
				CLANG_WARN_DEPRECATED_OBJC_IMPLEMENTATIONS = YES;
				CLANG_WARN_DIRECT_OBJC_ISA_USAGE = YES_ERROR;
				CLANG_WARN_DOCUMENTATION_COMMENTS = YES;
				CLANG_WARN_EMPTY_BODY = YES;
				CLANG_WARN_ENUM_CONVERSION = YES;
				CLANG_WARN_INFINITE_RECURSION = YES;
				CLANG_WARN_INT_CONVERSION = YES;
				CLANG_WARN_NON_LITERAL_NULL_CONVERSION = YES;
				CLANG_WARN_OBJC_IMPLICIT_RETAIN_SELF = YES;
				CLANG_WARN_OBJC_LITERAL_CONVERSION = YES;
				CLANG_WARN_OBJC_ROOT_CLASS = YES_ERROR;
				CLANG_WARN_RANGE_LOOP_ANALYSIS = YES;
				CLANG_WARN_STRICT_PROTOTYPES = YES;
				CLANG_WARN_SUSPICIOUS_MOVE = YES;
				CLANG_WARN_UNGUARDED_AVAILABILITY = YES_AGGRESSIVE;
				CLANG_WARN_UNREACHABLE_CODE = YES;
				CLANG_WARN__DUPLICATE_METHOD_MATCH = YES;
				COPY_PHASE_STRIP = NO;
				DEBUG_INFORMATION_FORMAT = dwarf;
				ENABLE_STRICT_OBJC_MSGSEND = YES;
				ENABLE_TESTABILITY = YES;
				GCC_C_LANGUAGE_STANDARD = gnu11;
				GCC_DYNAMIC_NO_PIC = NO;
				GCC_NO_COMMON_BLOCKS = YES;
				GCC_OPTIMIZATION_LEVEL = 0;
				GCC_PREPROCESSOR_DEFINITIONS = (
					"DEBUG=1",
					"$(inherited)",
				);
				GCC_WARN_64_TO_32_BIT_CONVERSION = YES;
				GCC_WARN_ABOUT_RETURN_TYPE = YES_ERROR;
				GCC_WARN_UNDECLARED_SELECTOR = YES;
				GCC_WARN_UNINITIALIZED_AUTOS = YES_AGGRESSIVE;
				GCC_WARN_UNUSED_FUNCTION = YES;
				GCC_WARN_UNUSED_VARIABLE = YES;
				IPHONEOS_DEPLOYMENT_TARGET = 13.2;
				MTL_ENABLE_DEBUG_INFO = INCLUDE_SOURCE;
				MTL_FAST_MATH = YES;
				ONLY_ACTIVE_ARCH = YES;
				SDKROOT = iphoneos;
				SWIFT_ACTIVE_COMPILATION_CONDITIONS = DEBUG;
				SWIFT_OPTIMIZATION_LEVEL = "-Onone";
			};
			name = Debug;
		};
		FA5FC237245302E300852048 /* Release */ = {
			isa = XCBuildConfiguration;
			buildSettings = {
				ALWAYS_SEARCH_USER_PATHS = NO;
				CLANG_ANALYZER_NONNULL = YES;
				CLANG_ANALYZER_NUMBER_OBJECT_CONVERSION = YES_AGGRESSIVE;
				CLANG_CXX_LANGUAGE_STANDARD = "gnu++14";
				CLANG_CXX_LIBRARY = "libc++";
				CLANG_ENABLE_MODULES = YES;
				CLANG_ENABLE_OBJC_ARC = YES;
				CLANG_ENABLE_OBJC_WEAK = YES;
				CLANG_WARN_BLOCK_CAPTURE_AUTORELEASING = YES;
				CLANG_WARN_BOOL_CONVERSION = YES;
				CLANG_WARN_COMMA = YES;
				CLANG_WARN_CONSTANT_CONVERSION = YES;
				CLANG_WARN_DEPRECATED_OBJC_IMPLEMENTATIONS = YES;
				CLANG_WARN_DIRECT_OBJC_ISA_USAGE = YES_ERROR;
				CLANG_WARN_DOCUMENTATION_COMMENTS = YES;
				CLANG_WARN_EMPTY_BODY = YES;
				CLANG_WARN_ENUM_CONVERSION = YES;
				CLANG_WARN_INFINITE_RECURSION = YES;
				CLANG_WARN_INT_CONVERSION = YES;
				CLANG_WARN_NON_LITERAL_NULL_CONVERSION = YES;
				CLANG_WARN_OBJC_IMPLICIT_RETAIN_SELF = YES;
				CLANG_WARN_OBJC_LITERAL_CONVERSION = YES;
				CLANG_WARN_OBJC_ROOT_CLASS = YES_ERROR;
				CLANG_WARN_RANGE_LOOP_ANALYSIS = YES;
				CLANG_WARN_STRICT_PROTOTYPES = YES;
				CLANG_WARN_SUSPICIOUS_MOVE = YES;
				CLANG_WARN_UNGUARDED_AVAILABILITY = YES_AGGRESSIVE;
				CLANG_WARN_UNREACHABLE_CODE = YES;
				CLANG_WARN__DUPLICATE_METHOD_MATCH = YES;
				COPY_PHASE_STRIP = NO;
				DEBUG_INFORMATION_FORMAT = "dwarf-with-dsym";
				ENABLE_NS_ASSERTIONS = NO;
				ENABLE_STRICT_OBJC_MSGSEND = YES;
				GCC_C_LANGUAGE_STANDARD = gnu11;
				GCC_NO_COMMON_BLOCKS = YES;
				GCC_WARN_64_TO_32_BIT_CONVERSION = YES;
				GCC_WARN_ABOUT_RETURN_TYPE = YES_ERROR;
				GCC_WARN_UNDECLARED_SELECTOR = YES;
				GCC_WARN_UNINITIALIZED_AUTOS = YES_AGGRESSIVE;
				GCC_WARN_UNUSED_FUNCTION = YES;
				GCC_WARN_UNUSED_VARIABLE = YES;
				IPHONEOS_DEPLOYMENT_TARGET = 13.2;
				MTL_ENABLE_DEBUG_INFO = NO;
				MTL_FAST_MATH = YES;
				SDKROOT = iphoneos;
				SWIFT_COMPILATION_MODE = wholemodule;
				SWIFT_OPTIMIZATION_LEVEL = "-O";
				VALIDATE_PRODUCT = YES;
			};
			name = Release;
		};
		FA5FC239245302E300852048 /* Debug */ = {
			isa = XCBuildConfiguration;
			buildSettings = {
				ASSETCATALOG_COMPILER_APPICON_NAME = AppIcon;
				CODE_SIGN_STYLE = Automatic;
				DEVELOPMENT_ASSET_PATHS = "";
				DEVELOPMENT_TEAM = PMK7D9DLPP;
				ENABLE_BITCODE = NO;
				ENABLE_PREVIEWS = YES;
				INFOPLIST_FILE = test/Info.plist;
				IPHONEOS_DEPLOYMENT_TARGET = 11.0;
				LD_RUNPATH_SEARCH_PATHS = (
					"$(inherited)",
					"@executable_path/Frameworks",
				);
				PRODUCT_BUNDLE_IDENTIFIER = com.signcatch.test;
				PRODUCT_NAME = WEB;
				SWIFT_VERSION = 5.0;
				TARGETED_DEVICE_FAMILY = 1;
			};
			name = Debug;
		};
		FA5FC23A245302E300852048 /* Release */ = {
			isa = XCBuildConfiguration;
			buildSettings = {
				ASSETCATALOG_COMPILER_APPICON_NAME = AppIcon;
				CODE_SIGN_STYLE = Automatic;
				DEVELOPMENT_ASSET_PATHS = "";
				DEVELOPMENT_TEAM = PMK7D9DLPP;
				ENABLE_BITCODE = NO;
				ENABLE_PREVIEWS = YES;
				INFOPLIST_FILE = test/Info.plist;
				IPHONEOS_DEPLOYMENT_TARGET = 11.0;
				LD_RUNPATH_SEARCH_PATHS = (
					"$(inherited)",
					"@executable_path/Frameworks",
				);
				PRODUCT_BUNDLE_IDENTIFIER = com.signcatch.test;
				PRODUCT_NAME = WEB;
				SWIFT_VERSION = 5.0;
				TARGETED_DEVICE_FAMILY = 1;
			};
			name = Release;
		};
/* End XCBuildConfiguration section */

/* Begin XCConfigurationList section */
		FA5FC209245302E200852048 /* Build configuration list for PBXProject "POSLiteWeb" */ = {
			isa = XCConfigurationList;
			buildConfigurations = (
				FA5FC236245302E300852048 /* Debug */,
				FA5FC237245302E300852048 /* Release */,
			);
			defaultConfigurationIsVisible = 0;
			defaultConfigurationName = Release;
		};
		FA5FC238245302E300852048 /* Build configuration list for PBXNativeTarget "POSLiteWeb" */ = {
			isa = XCConfigurationList;
			buildConfigurations = (
				FA5FC239245302E300852048 /* Debug */,
				FA5FC23A245302E300852048 /* Release */,
			);
			defaultConfigurationIsVisible = 0;
			defaultConfigurationName = Release;
		};
/* End XCConfigurationList section */
	};
	rootObject = FA5FC206245302E200852048 /* Project object */;
}
